
Microsoft Visual Studio Solution File, Format Version 12.00
# Visual Studio Version 17
VisualStudioVersion = 17.5.002.0
MinimumVisualStudioVersion = 10.0.40219.1
Project("{2150E333-8FDC-42A3-9474-1A3956D46DE8}") = "backend", "backend", "{6C3BD0C6-DC6F-483A-9D19-A2E52A468567}"
EndProject
Project("{9A19103F-16F7-4668-BE54-9A1E7A4F7556}") = "api", "backend\api\api.csproj", "{65C38F2A-A9EA-469D-9DF8-0655795686F0}"
EndProject
Global
	GlobalSection(SolutionConfigurationPlatforms) = preSolution
		Debug|Any CPU = Debug|Any CPU
		Release|Any CPU = Release|Any CPU
	EndGlobalSection
	GlobalSection(ProjectConfigurationPlatforms) = postSolution
		{65C38F2A-A9EA-469D-9DF8-0655795686F0}.Debug|Any CPU.ActiveCfg = Debug|Any CPU
		{65C38F2A-A9EA-469D-9DF8-0655795686F0}.Debug|Any CPU.Build.0 = Debug|Any CPU
		{65C38F2A-A9EA-469D-9DF8-0655795686F0}.Release|Any CPU.ActiveCfg = Release|Any CPU
		{65C38F2A-A9EA-469D-9DF8-0655795686F0}.Release|Any CPU.Build.0 = Release|Any CPU
	EndGlobalSection
	GlobalSection(SolutionProperties) = preSolution
		HideSolutionNode = FALSE
	EndGlobalSection
	GlobalSection(NestedProjects) = preSolution
		{65C38F2A-A9EA-469D-9DF8-0655795686F0} = {6C3BD0C6-DC6F-483A-9D19-A2E52A468567}
	EndGlobalSection
	GlobalSection(ExtensibilityGlobals) = postSolution
		SolutionGuid = {EDC62219-FE45-4979-AC48-4D00C3D74448}
	EndGlobalSection
EndGlobal
